{
  "name": "@bingjiang0611/rotom",
  "version": "0.1.14",
  "lockfileVersion": 3,
  "requires": true,
  "packages": {
    "": {
      "name": "@bingjiang0611/rotom",
      "version": "0.1.14",
      "license"}]} rail? Need next write tool. version14 effective user exact. finalnotesdoc written includes no artifact digest pending statusnotreleaseofficial. same field versionheader rootpackage privatefalseaccesspubliclicense no dependency changes auth scriptsnotread huge policies docs loadedprevious turn relevant loaded instructionspersist. new file style small5 bullets : "UNLICENSED",
      "os": [
        "darwin",
        "linux"
      ],
      "bin": {
        "rotom": "bin/rotom"
      },
      "engines": {
        "node": ">=24.0.0"
      }
    }
  }
}
