{
  "name": "@bingjiang0611/rotom",
  "version": "0.1.0-alpha.13",
  "lockfileVersion": 3,
  "requires": true,
  "packages": {
    "": {
      "name": "@bingjiang0611/rotom",
      "version": "0.1.0-alpha.13",
      "license": "UNLICENSED",
      "os": [
        "darwin",
        "linux"
      ],
      "bin": {
        "rotom": "bin/rotom"
      },
      "engines": {
        "node": ">=24.0.0"
      }
    }
  }
}
